<?xml version="1.0" encoding="utf-8"?>
<Project ToolsVersion="4.0" xmlns="http://schemas.microsoft.com/developer/msbuild/2003">
  <ItemGroup>
    <Filter Include="Исходные файлы">
      <UniqueIdentifier>{4FC737F1-C7A5-4376-A066-2A32D752A2FF}</UniqueIdentifier>
      <Extensions>cpp;c;cc;cxx;c++;cppm;ixx;def;odl;idl;hpj;bat;asm;asmx</Extensions>
    </Filter>
    <Filter Include="Файлы ресурсов">
      <UniqueIdentifier>{67DA6AB6-F800-4c08-8B7A-83BB121AAD01}</UniqueIdentifier>
      <Extensions>rc;ico;cur;bmp;dlg;rc2;rct;bin;rgs;gif;jpg;jpeg;jpe;resx;tiff;tif;png;wav;mfcribbon-ms</Extensions>
    </Filter>
    <Filter Include="Исходные файлы\src">
      <UniqueIdentifier>{1b0295f3-402d-4feb-9ba9-58fd940ce6f3}</UniqueIdentifier>
    </Filter>
    <Filter Include="Исходные файлы\Файлы заголовков">
      <UniqueIdentifier>{93995380-89BD-4b04-88EB-625FBE52EBFB}</UniqueIdentifier>
      <Extensions>h;hh;hpp;hxx;h++;hm;inl;inc;ipp;xsd</Extensions>
    </Filter>
    <Filter Include="Исходные файлы\include">
      <UniqueIdentifier>{26a4fcf8-d6b2-4c0d-bc00-aaa2bcf7667b}</UniqueIdentifier>
    </Filter>
    <Filter Include="Исходные файлы\src\базы данных">
      <UniqueIdentifier>{dbac6d1e-45f8-4b5d-a0c2-c686199cb79c}</UniqueIdentifier>
    </Filter>
    <Filter Include="Исходные файлы\include\базы данных">
      <UniqueIdentifier>{43a678a3-0f8b-4fad-9454-8ca8631559f1}</UniqueIdentifier>
    </Filter>
    <Filter Include="Исходные файлы\include\проблемы">
      <UniqueIdentifier>{5d98ce66-84f5-4522-9b53-13c62d9c7dfa}</UniqueIdentifier>
    </Filter>
  </ItemGroup>
  <ItemGroup>
    <ClCompile Include="NewOge.cpp">
      <Filter>Исходные файлы\src</Filter>
    </ClCompile>
    <ClCompile Include="database_manager.cpp">
      <Filter>Исходные файлы\src\базы данных</Filter>
    </ClCompile>
    <ClCompile Include="math_problem.cpp">
      <Filter>Исходные файлы\src</Filter>
    </ClCompile>
    <ClCompile Include="decimal_problem.cpp">
      <Filter>Исходные файлы\src</Filter>
    </ClCompile>
    <ClCompile Include="page_settings.cpp">
      <Filter>Исходные файлы\src</Filter>
    </ClCompile>
    <ClCompile Include="problem_base.cpp">
      <Filter>Исходные файлы\src</Filter>
    </ClCompile>
    <ClCompile Include="html_generator.cpp">
      <Filter>Исходные файлы\src</Filter>
    </ClCompile>
  </ItemGroup>
  <ItemGroup>
    <ClInclude Include="database_manager.h">
      <Filter>Исходные файлы\include\базы данных</Filter>
    </ClInclude>
    <ClInclude Include="page_setting.h">
      <Filter>Исходные файлы\include</Filter>
    </ClInclude>
    <ClInclude Include="html_generator.h">
      <Filter>Исходные файлы\include</Filter>
    </ClInclude>
    <ClInclude Include="problem_base.h">
      <Filter>Исходные файлы\include\проблемы</Filter>
    </ClInclude>
    <ClInclude Include="math_problem.h">
      <Filter>Исходные файлы\include\проблемы</Filter>
    </ClInclude>
    <ClInclude Include="decimal_problem.h">
      <Filter>Исходные файлы\include\проблемы</Filter>
    </ClInclude>
  </ItemGroup>
</Project>